
Microsoft Visual Studio Solution File, Format Version 12.00
# Visual Studio Version 16
VisualStudioVersion = 16.0.29519.181
MinimumVisualStudioVersion = 10.0.40219.1
Project("{FAE04EC0-301F-11D3-BF4B-00C04F79EFBC}") = "PTW", "PTW\PTW.csproj", "{837A0584-FE5F-468F-9D82-BB7A1A6055A7}"
EndProject
Global
	GlobalSection(SolutionConfigurationPlatforms) = preSolution
		Debug|Any CPU = Debug|Any CPU
		Release|Any CPU = Release|Any CPU
	EndGlobalSection
	GlobalSection(ProjectConfigurationPlatforms) = postSolution
		{837A0584-FE5F-468F-9D82-BB7A1A6055A7}.Debug|Any CPU.ActiveCfg = Debug|Any CPU
		{837A0584-FE5F-468F-9D82-BB7A1A6055A7}.Debug|Any CPU.Build.0 = Debug|Any CPU
		{837A0584-FE5F-468F-9D82-BB7A1A6055A7}.Release|Any CPU.ActiveCfg = Release|Any CPU
		{837A0584-FE5F-468F-9D82-BB7A1A6055A7}.Release|Any CPU.Build.0 = Release|Any CPU
	EndGlobalSection
	GlobalSection(SolutionProperties) = preSolution
		HideSolutionNode = FALSE
	EndGlobalSection
	GlobalSection(ExtensibilityGlobals) = postSolution
		SolutionGuid = {28FFD721-3677-4425-9244-0C02E23193F5}
	EndGlobalSection
EndGlobal
